
Microsoft Visual Studio Solution File, Format Version 11.00
# Visual Studio 2010
Project("{FAE04EC0-301F-11D3-BF4B-00C04F79EFBC}") = "mid", "Assembly-CSharp.csproj", "{CE32FEC6-94A5-4446-7F7A-753BE955FDD5}"
EndProject
Global
	GlobalSection(SolutionConfigurationPlatforms) = preSolution
		Debug|Any CPU = Debug|Any CPU
		Release|Any CPU = Release|Any CPU
	EndGlobalSection
	GlobalSection(ProjectConfigurationPlatforms) = postSolution
		{CE32FEC6-94A5-4446-7F7A-753BE955FDD5}.Debug|Any CPU.ActiveCfg = Debug|Any CPU
		{CE32FEC6-94A5-4446-7F7A-753BE955FDD5}.Debug|Any CPU.Build.0 = Debug|Any CPU
		{CE32FEC6-94A5-4446-7F7A-753BE955FDD5}.Release|Any CPU.ActiveCfg = Release|Any CPU
		{CE32FEC6-94A5-4446-7F7A-753BE955FDD5}.Release|Any CPU.Build.0 = Release|Any CPU
	EndGlobalSection
	GlobalSection(SolutionProperties) = preSolution
		HideSolutionNode = FALSE
	EndGlobalSection
	GlobalSection(MonoDevelopProperties) = preSolution
		StartupItem = Assembly-CSharp.csproj
	EndGlobalSection
EndGlobal
